// !$*UTF8*$!
{
	archiveVersion = 1;
	classes = {
	};
	objectVersion = 77;
	objects = {

/* Begin PBXBuildFile section */
		8A6D93592D10AFB8008209E5 /* RxBlocking in Frameworks */ = {isa = PBXBuildFile; productRef = 8A6D93582D10AFB8008209E5 /* RxBlocking */; };
		8A6D935B2D10AFB8008209E5 /* RxCocoa in Frameworks */ = {isa = PBXBuildFile; productRef = 8A6D935A2D10AFB8008209E5 /* RxCocoa */; };
		8A6D935D2D10AFB8008209E5 /* RxRelay in Frameworks */ = {isa = PBXBuildFile; productRef = 8A6D935C2D10AFB8008209E5 /* RxRelay */; };
		8A6D935F2D10AFB8008209E5 /* RxSwift in Frameworks */ = {isa = PBXBuildFile; productRef = 8A6D935E2D10AFB8008209E5 /* RxSwift */; };
		8A6D93D22D15A3D4008209E5 /* RxTest in Frameworks */ = {isa = PBXBuildFile; productRef = 8A6D93D12D15A3D4008209E5 /* RxTest */; };
/* End PBXBuildFile section */

/* Begin PBXContainerItemProxy section */
		8A6D93032D0C81F6008209E5 /* PBXContainerItemProxy */ = {
			isa = PBXContainerItemProxy;
			containerPortal = 8A6D92E12D0C81F2008209E5 /* Project object */;
			proxyType = 1;
			remoteGlobalIDString = 8A6D92E82D0C81F2008209E5;
			remoteInfo = "RxSwift-Recipes";
		};
		8A6D930D2D0C81F6008209E5 /* PBXContainerItemProxy */ = {
			isa = PBXContainerItemProxy;
			containerPortal = 8A6D92E12D0C81F2008209E5 /* Project object */;
			proxyType = 1;
			remoteGlobalIDString = 8A6D92E82D0C81F2008209E5;
			remoteInfo = "RxSwift-Recipes";
		};
/* End PBXContainerItemProxy section */

/* Begin PBXFileReference section */
		8A6D92E92D0C81F2008209E5 /* RxSwift-Recipes.app */ = {isa = PBXFileReference; explicitFileType = wrapper.application; includeInIndex = 0; path = "RxSwift-Recipes.app"; sourceTree = BUILT_PRODUCTS_DIR; };
		8A6D93022D0C81F6008209E5 /* RxSwift-RecipesTests.xctest */ = {isa = PBXFileReference; explicitFileType = wrapper.cfbundle; includeInIndex = 0; path = "RxSwift-RecipesTests.xctest"; sourceTree = BUILT_PRODUCTS_DIR; };
		8A6D930C2D0C81F6008209E5 /* RxSwift-RecipesUITests.xctest */ = {isa = PBXFileReference; explicitFileType = wrapper.cfbundle; includeInIndex = 0; path = "RxSwift-RecipesUITests.xctest"; sourceTree = BUILT_PRODUCTS_DIR; };
/* End PBXFileReference section */

/* Begin PBXFileSystemSynchronizedBuildFileExceptionSet section */
		8A6D93142D0C81F6008209E5 /* Exceptions for "RxSwift-Recipes" folder in "RxSwift-Recipes" target */ = {
			isa = PBXFileSystemSynchronizedBuildFileExceptionSet;
			membershipExceptions = (
				Info.plist,
			);
			target = 8A6D92E82D0C81F2008209E5 /* RxSwift-Recipes */;
		};
/* End PBXFileSystemSynchronizedBuildFileExceptionSet section */

/* Begin PBXFileSystemSynchronizedRootGroup section */
		8A6D92EB2D0C81F2008209E5 /* RxSwift-Recipes */ = {
			isa = PBXFileSystemSynchronizedRootGroup;
			exceptions = (
				8A6D93142D0C81F6008209E5 /* Exceptions for "RxSwift-Recipes" folder in "RxSwift-Recipes" target */,
			);
			path = "RxSwift-Recipes";
			sourceTree = "<group>";
		};
		8A6D93052D0C81F6008209E5 /* RxSwift-RecipesTests */ = {
			isa = PBXFileSystemSynchronizedRootGroup;
			path = "RxSwift-RecipesTests";
			sourceTree = "<group>";
		};
		8A6D930F2D0C81F6008209E5 /* RxSwift-RecipesUITests */ = {
			isa = PBXFileSystemSynchronizedRootGroup;
			path = "RxSwift-RecipesUITests";
			sourceTree = "<group>";
		};
/* End PBXFileSystemSynchronizedRootGroup section */

/* Begin PBXFrameworksBuildPhase section */
		8A6D92E62D0C81F2008209E5 /* Frameworks */ = {
			isa = PBXFrameworksBuildPhase;
			buildActionMask = 2147483647;
			files = (
				8A6D935D2D10AFB8008209E5 /* RxRelay in Frameworks */,
				8A6D935B2D10AFB8008209E5 /* RxCocoa in Frameworks */,
				8A6D935F2D10AFB8008209E5 /* RxSwift in Frameworks */,
				8A6D93592D10AFB8008209E5 /* RxBlocking in Frameworks */,
			);
			runOnlyForDeploymentPostprocessing = 0;
		};
		8A6D92FF2D0C81F6008209E5 /* Frameworks */ = {
			isa = PBXFrameworksBuildPhase;
			buildActionMask = 2147483647;
			files = (
				8A6D93D22D15A3D4008209E5 /* RxTest in Frameworks */,
			);
			runOnlyForDeploymentPostprocessing = 0;
		};
		8A6D93092D0C81F6008209E5 /* Frameworks */ = {
			isa = PBXFrameworksBuildPhase;
			buildActionMask = 2147483647;
			files = (
			);
			runOnlyForDeploymentPostprocessing = 0;
		};
/* End PBXFrameworksBuildPhase section */

/* Begin PBXGroup section */
		8A6D92E02D0C81F2008209E5 = {
			isa = PBXGroup;
			children = (
				8A6D92EB2D0C81F2008209E5 /* RxSwift-Recipes */,
				8A6D93052D0C81F6008209E5 /* RxSwift-RecipesTests */,
				8A6D930F2D0C81F6008209E5 /* RxSwift-RecipesUITests */,
				8A6D93572D10AFB8008209E5 /* Frameworks */,
				8A6D92EA2D0C81F2008209E5 /* Products */,
			);
			sourceTree = "<group>";
		};
		8A6D92EA2D0C81F2008209E5 /* Products */ = {
			isa = PBXGroup;
			children = (
				8A6D92E92D0C81F2008209E5 /* RxSwift-Recipes.app */,
				8A6D93022D0C81F6008209E5 /* RxSwift-RecipesTests.xctest */,
				8A6D930C2D0C81F6008209E5 /* RxSwift-RecipesUITests.xctest */,
			);
			name = Products;
			sourceTree = "<group>";
		};
		8A6D93572D10AFB8008209E5 /* Frameworks */ = {
			isa = PBXGroup;
			children = (
			);
			name = Frameworks;
			sourceTree = "<group>";
		};
/* End PBXGroup section */

/* Begin PBXNativeTarget section */
		8A6D92E82D0C81F2008209E5 /* RxSwift-Recipes */ = {
			isa = PBXNativeTarget;
			buildConfigurationList = 8A6D93152D0C81F6008209E5 /* Build configuration list for PBXNativeTarget "RxSwift-Recipes" */;
			buildPhases = (
				8A6D92E52D0C81F2008209E5 /* Sources */,
				8A6D92E62D0C81F2008209E5 /* Frameworks */,
				8A6D92E72D0C81F2008209E5 /* Resources */,
			);
			buildRules = (
			);
			dependencies = (
			);
			fileSystemSynchronizedGroups = (
				8A6D92EB2D0C81F2008209E5 /* RxSwift-Recipes */,
			);
			name = "RxSwift-Recipes";
			packageProductDependencies = (
				8A6D93582D10AFB8008209E5 /* RxBlocking */,
				8A6D935A2D10AFB8008209E5 /* RxCocoa */,
				8A6D935C2D10AFB8008209E5 /* RxRelay */,
				8A6D935E2D10AFB8008209E5 /* RxSwift */,
			);
			productName = "RxSwift-Recipes";
			productReference = 8A6D92E92D0C81F2008209E5 /* RxSwift-Recipes.app */;
			productType = "com.apple.product-type.application";
		};
		8A6D93012D0C81F6008209E5 /* RxSwift-RecipesTests */ = {
			isa = PBXNativeTarget;
			buildConfigurationList = 8A6D931A2D0C81F6008209E5 /* Build configuration list for PBXNativeTarget "RxSwift-RecipesTests" */;
			buildPhases = (
				8A6D92FE2D0C81F6008209E5 /* Sources */,
				8A6D92FF2D0C81F6008209E5 /* Frameworks */,
				8A6D93002D0C81F6008209E5 /* Resources */,
			);
			buildRules = (
			);
			dependencies = (
				8A6D93042D0C81F6008209E5 /* PBXTargetDependency */,
			);
			fileSystemSynchronizedGroups = (
				8A6D93052D0C81F6008209E5 /* RxSwift-RecipesTests */,
			);
			name = "RxSwift-RecipesTests";
			packageProductDependencies = (
				8A6D93D12D15A3D4008209E5 /* RxTest */,
			);
			productName = "RxSwift-RecipesTests";
			productReference = 8A6D93022D0C81F6008209E5 /* RxSwift-RecipesTests.xctest */;
			productType = "com.apple.product-type.bundle.unit-test";
		};
		8A6D930B2D0C81F6008209E5 /* RxSwift-RecipesUITests */ = {
			isa = PBXNativeTarget;
			buildConfigurationList = 8A6D931D2D0C81F6008209E5 /* Build configuration list for PBXNativeTarget "RxSwift-RecipesUITests" */;
			buildPhases = (
				8A6D93082D0C81F6008209E5 /* Sources */,
				8A6D93092D0C81F6008209E5 /* Frameworks */,
				8A6D930A2D0C81F6008209E5 /* Resources */,
			);
			buildRules = (
			);
			dependencies = (
				8A6D930E2D0C81F6008209E5 /* PBXTargetDependency */,
			);
			fileSystemSynchronizedGroups = (
				8A6D930F2D0C81F6008209E5 /* RxSwift-RecipesUITests */,
			);
			name = "RxSwift-RecipesUITests";
			packageProductDependencies = (
			);
			productName = "RxSwift-RecipesUITests";
			productReference = 8A6D930C2D0C81F6008209E5 /* RxSwift-RecipesUITests.xctest */;
			productType = "com.apple.product-type.bundle.ui-testing";
		};
/* End PBXNativeTarget section */

/* Begin PBXProject section */
		8A6D92E12D0C81F2008209E5 /* Project object */ = {
			isa = PBXProject;
			attributes = {
				BuildIndependentTargetsInParallel = 1;
				LastSwiftUpdateCheck = 1610;
				LastUpgradeCheck = 1610;
				TargetAttributes = {
					8A6D92E82D0C81F2008209E5 = {
						CreatedOnToolsVersion = 16.1;
					};
					8A6D93012D0C81F6008209E5 = {
						CreatedOnToolsVersion = 16.1;
						TestTargetID = 8A6D92E82D0C81F2008209E5;
					};
					8A6D930B2D0C81F6008209E5 = {
						CreatedOnToolsVersion = 16.1;
						TestTargetID = 8A6D92E82D0C81F2008209E5;
					};
				};
			};
			buildConfigurationList = 8A6D92E42D0C81F2008209E5 /* Build configuration list for PBXProject "RxSwift-Recipes" */;
			developmentRegion = en;
			hasScannedForEncodings = 0;
			knownRegions = (
				en,
				Base,
			);
			mainGroup = 8A6D92E02D0C81F2008209E5;
			minimizedProjectReferenceProxies = 1;
			packageReferences = (
				8A6D93562D10AFAA008209E5 /* XCRemoteSwiftPackageReference "RxSwift" */,
			);
			preferredProjectObjectVersion = 77;
			productRefGroup = 8A6D92EA2D0C81F2008209E5 /* Products */;
			projectDirPath = "";
			projectRoot = "";
			targets = (
				8A6D92E82D0C81F2008209E5 /* RxSwift-Recipes */,
				8A6D93012D0C81F6008209E5 /* RxSwift-RecipesTests */,
				8A6D930B2D0C81F6008209E5 /* RxSwift-RecipesUITests */,
			);
		};
/* End PBXProject section */

/* Begin PBXResourcesBuildPhase section */
		8A6D92E72D0C81F2008209E5 /* Resources */ = {
			isa = PBXResourcesBuildPhase;
			buildActionMask = 2147483647;
			files = (
			);
			runOnlyForDeploymentPostprocessing = 0;
		};
		8A6D93002D0C81F6008209E5 /* Resources */ = {
			isa = PBXResourcesBuildPhase;
			buildActionMask = 2147483647;
			files = (
			);
			runOnlyForDeploymentPostprocessing = 0;
		};
		8A6D930A2D0C81F6008209E5 /* Resources */ = {
			isa = PBXResourcesBuildPhase;
			buildActionMask = 2147483647;
			files = (
			);
			runOnlyForDeploymentPostprocessing = 0;
		};
/* End PBXResourcesBuildPhase section */

/* Begin PBXSourcesBuildPhase section */
		8A6D92E52D0C81F2008209E5 /* Sources */ = {
			isa = PBXSourcesBuildPhase;
			buildActionMask = 2147483647;
			files = (
			);
			runOnlyForDeploymentPostprocessing = 0;
		};
		8A6D92FE2D0C81F6008209E5 /* Sources */ = {
			isa = PBXSourcesBuildPhase;
			buildActionMask = 2147483647;
			files = (
			);
			runOnlyForDeploymentPostprocessing = 0;
		};
		8A6D93082D0C81F6008209E5 /* Sources */ = {
			isa = PBXSourcesBuildPhase;
			buildActionMask = 2147483647;
			files = (
			);
			runOnlyForDeploymentPostprocessing = 0;
		};
/* End PBXSourcesBuildPhase section */

/* Begin PBXTargetDependency section */
		8A6D93042D0C81F6008209E5 /* PBXTargetDependency */ = {
			isa = PBXTargetDependency;
			target = 8A6D92E82D0C81F2008209E5 /* RxSwift-Recipes */;
			targetProxy = 8A6D93032D0C81F6008209E5 /* PBXContainerItemProxy */;
		};
		8A6D930E2D0C81F6008209E5 /* PBXTargetDependency */ = {
			isa = PBXTargetDependency;
			target = 8A6D92E82D0C81F2008209E5 /* RxSwift-Recipes */;
			targetProxy = 8A6D930D2D0C81F6008209E5 /* PBXContainerItemProxy */;
		};
/* End PBXTargetDependency section */

/* Begin XCBuildConfiguration section */
		8A6D93162D0C81F6008209E5 /* Debug */ = {
			isa = XCBuildConfiguration;
			buildSettings = {
				ASSETCATALOG_COMPILER_APPICON_NAME = AppIcon;
				ASSETCATALOG_COMPILER_GLOBAL_ACCENT_COLOR_NAME = AccentColor;
				CODE_SIGN_STYLE = Automatic;
				CURRENT_PROJECT_VERSION = 1;
				GENERATE_INFOPLIST_FILE = YES;
				INFOPLIST_FILE = "RxSwift-Recipes/Info.plist";
				INFOPLIST_KEY_UIApplicationSupportsIndirectInputEvents = YES;
				INFOPLIST_KEY_UILaunchStoryboardName = LaunchScreen;
				INFOPLIST_KEY_UIMainStoryboardFile = Main;
				INFOPLIST_KEY_UISupportedInterfaceOrientations_iPad = "UIInterfaceOrientationPortrait UIInterfaceOrientationPortraitUpsideDown UIInterfaceOrientationLandscapeLeft UIInterfaceOrientationLandscapeRight";
				INFOPLIST_KEY_UISupportedInterfaceOrientations_iPhone = "UIInterfaceOrientationPortrait UIInterfaceOrientationLandscapeLeft UIInterfaceOrientationLandscapeRight";
				LD_RUNPATH_SEARCH_PATHS = (
					"$(inherited)",
					"@executable_path/Frameworks",
				);
				MARKETING_VERSION = 1.0;
				PRODUCT_BUNDLE_IDENTIFIER = "com.forgenator.RxSwift-Recipes";
				PRODUCT_NAME = "$(TARGET_NAME)";
				SWIFT_EMIT_LOC_STRINGS = YES;
				SWIFT_VERSION = 5.0;
				TARGETED_DEVICE_FAMILY = "1,2";
			};
			name = Debug;
		};
		8A6D93172D0C81F6008209E5 /* Release */ = {
			isa = XCBuildConfiguration;
			buildSettings = {
				ASSETCATALOG_COMPILER_APPICON_NAME = AppIcon;
				ASSETCATALOG_COMPILER_GLOBAL_ACCENT_COLOR_NAME = AccentColor;
				CODE_SIGN_STYLE = Automatic;
				CURRENT_PROJECT_VERSION = 1;
				GENERATE_INFOPLIST_FILE = YES;
				INFOPLIST_FILE = "RxSwift-Recipes/Info.plist";
				INFOPLIST_KEY_UIApplicationSupportsIndirectInputEvents = YES;
				INFOPLIST_KEY_UILaunchStoryboardName = LaunchScreen;
				INFOPLIST_KEY_UIMainStoryboardFile = Main;
				INFOPLIST_KEY_UISupportedInterfaceOrientations_iPad = "UIInterfaceOrientationPortrait UIInterfaceOrientationPortraitUpsideDown UIInterfaceOrientationLandscapeLeft UIInterfaceOrientationLandscapeRight";
				INFOPLIST_KEY_UISupportedInterfaceOrientations_iPhone = "UIInterfaceOrientationPortrait UIInterfaceOrientationLandscapeLeft UIInterfaceOrientationLandscapeRight";
				LD_RUNPATH_SEARCH_PATHS = (
					"$(inherited)",
					"@executable_path/Frameworks",
				);
				MARKETING_VERSION = 1.0;
				PRODUCT_BUNDLE_IDENTIFIER = "com.forgenator.RxSwift-Recipes";
				PRODUCT_NAME = "$(TARGET_NAME)";
				SWIFT_EMIT_LOC_STRINGS = YES;
				SWIFT_VERSION = 5.0;
				TARGETED_DEVICE_FAMILY = "1,2";
			};
			name = Release;
		};
		8A6D93182D0C81F6008209E5 /* Debug */ = {
			isa = XCBuildConfiguration;
			buildSettings = {
				ALWAYS_SEARCH_USER_PATHS = NO;
				ASSETCATALOG_COMPILER_GENERATE_SWIFT_ASSET_SYMBOL_EXTENSIONS = YES;
				CLANG_ANALYZER_NONNULL = YES;
				CLANG_ANALYZER_NUMBER_OBJECT_CONVERSION = YES_AGGRESSIVE;
				CLANG_CXX_LANGUAGE_STANDARD = "gnu++20";
				CLANG_ENABLE_MODULES = YES;
				CLANG_ENABLE_OBJC_ARC = YES;
				CLANG_ENABLE_OBJC_WEAK = YES;
				CLANG_WARN_BLOCK_CAPTURE_AUTORELEASING = YES;
				CLANG_WARN_BOOL_CONVERSION = YES;
				CLANG_WARN_COMMA = YES;
				CLANG_WARN_CONSTANT_CONVERSION = YES;
				CLANG_WARN_DEPRECATED_OBJC_IMPLEMENTATIONS = YES;
				CLANG_WARN_DIRECT_OBJC_ISA_USAGE = YES_ERROR;
				CLANG_WARN_DOCUMENTATION_COMMENTS = YES;
				CLANG_WARN_EMPTY_BODY = YES;
				CLANG_WARN_ENUM_CONVERSION = YES;
				CLANG_WARN_INFINITE_RECURSION = YES;
				CLANG_WARN_INT_CONVERSION = YES;
				CLANG_WARN_NON_LITERAL_NULL_CONVERSION = YES;
				CLANG_WARN_OBJC_IMPLICIT_RETAIN_SELF = YES;
				CLANG_WARN_OBJC_LITERAL_CONVERSION = YES;
				CLANG_WARN_OBJC_ROOT_CLASS = YES_ERROR;
				CLANG_WARN_QUOTED_INCLUDE_IN_FRAMEWORK_HEADER = YES;
				CLANG_WARN_RANGE_LOOP_ANALYSIS = YES;
				CLANG_WARN_STRICT_PROTOTYPES = YES;
				CLANG_WARN_SUSPICIOUS_MOVE = YES;
				CLANG_WARN_UNGUARDED_AVAILABILITY = YES_AGGRESSIVE;
				CLANG_WARN_UNREACHABLE_CODE = YES;
				CLANG_WARN__DUPLICATE_METHOD_MATCH = YES;
				COPY_PHASE_STRIP = NO;
				DEBUG_INFORMATION_FORMAT = dwarf;
				ENABLE_STRICT_OBJC_MSGSEND = YES;
				ENABLE_TESTABILITY = YES;
				ENABLE_USER_SCRIPT_SANDBOXING = YES;
				GCC_C_LANGUAGE_STANDARD = gnu17;
				GCC_DYNAMIC_NO_PIC = NO;
				GCC_NO_COMMON_BLOCKS = YES;
				GCC_OPTIMIZATION_LEVEL = 0;
				GCC_PREPROCESSOR_DEFINITIONS = (
					"DEBUG=1",
					"$(inherited)",
				);
				GCC_WARN_64_TO_32_BIT_CONVERSION = YES;
				GCC_WARN_ABOUT_RETURN_TYPE = YES_ERROR;
				GCC_WARN_UNDECLARED_SELECTOR = YES;
				GCC_WARN_UNINITIALIZED_AUTOS = YES_AGGRESSIVE;
				GCC_WARN_UNUSED_FUNCTION = YES;
				GCC_WARN_UNUSED_VARIABLE = YES;
				IPHONEOS_DEPLOYMENT_TARGET = 18.1;
				LOCALIZATION_PREFERS_STRING_CATALOGS = YES;
				MTL_ENABLE_DEBUG_INFO = INCLUDE_SOURCE;
				MTL_FAST_MATH = YES;
				ONLY_ACTIVE_ARCH = YES;
				SDKROOT = iphoneos;
				SWIFT_ACTIVE_COMPILATION_CONDITIONS = "DEBUG $(inherited)";
				SWIFT_OPTIMIZATION_LEVEL = "-Onone";
			};
			name = Debug;
		};
		8A6D93192D0C81F6008209E5 /* Release */ = {
			isa = XCBuildConfiguration;
			buildSettings = {
				ALWAYS_SEARCH_USER_PATHS = NO;
				ASSETCATALOG_COMPILER_GENERATE_SWIFT_ASSET_SYMBOL_EXTENSIONS = YES;
				CLANG_ANALYZER_NONNULL = YES;
				CLANG_ANALYZER_NUMBER_OBJECT_CONVERSION = YES_AGGRESSIVE;
				CLANG_CXX_LANGUAGE_STANDARD = "gnu++20";
				CLANG_ENABLE_MODULES = YES;
				CLANG_ENABLE_OBJC_ARC = YES;
				CLANG_ENABLE_OBJC_WEAK = YES;
				CLANG_WARN_BLOCK_CAPTURE_AUTORELEASING = YES;
				CLANG_WARN_BOOL_CONVERSION = YES;
				CLANG_WARN_COMMA = YES;
				CLANG_WARN_CONSTANT_CONVERSION = YES;
				CLANG_WARN_DEPRECATED_OBJC_IMPLEMENTATIONS = YES;
				CLANG_WARN_DIRECT_OBJC_ISA_USAGE = YES_ERROR;
				CLANG_WARN_DOCUMENTATION_COMMENTS = YES;
				CLANG_WARN_EMPTY_BODY = YES;
				CLANG_WARN_ENUM_CONVERSION = YES;
				CLANG_WARN_INFINITE_RECURSION = YES;
				CLANG_WARN_INT_CONVERSION = YES;
				CLANG_WARN_NON_LITERAL_NULL_CONVERSION = YES;
				CLANG_WARN_OBJC_IMPLICIT_RETAIN_SELF = YES;
				CLANG_WARN_OBJC_LITERAL_CONVERSION = YES;
				CLANG_WARN_OBJC_ROOT_CLASS = YES_ERROR;
				CLANG_WARN_QUOTED_INCLUDE_IN_FRAMEWORK_HEADER = YES;
				CLANG_WARN_RANGE_LOOP_ANALYSIS = YES;
				CLANG_WARN_STRICT_PROTOTYPES = YES;
				CLANG_WARN_SUSPICIOUS_MOVE = YES;
				CLANG_WARN_UNGUARDED_AVAILABILITY = YES_AGGRESSIVE;
				CLANG_WARN_UNREACHABLE_CODE = YES;
				CLANG_WARN__DUPLICATE_METHOD_MATCH = YES;
				COPY_PHASE_STRIP = NO;
				DEBUG_INFORMATION_FORMAT = "dwarf-with-dsym";
				ENABLE_NS_ASSERTIONS = NO;
				ENABLE_STRICT_OBJC_MSGSEND = YES;
				ENABLE_USER_SCRIPT_SANDBOXING = YES;
				GCC_C_LANGUAGE_STANDARD = gnu17;
				GCC_NO_COMMON_BLOCKS = YES;
				GCC_WARN_64_TO_32_BIT_CONVERSION = YES;
				GCC_WARN_ABOUT_RETURN_TYPE = YES_ERROR;
				GCC_WARN_UNDECLARED_SELECTOR = YES;
				GCC_WARN_UNINITIALIZED_AUTOS = YES_AGGRESSIVE;
				GCC_WARN_UNUSED_FUNCTION = YES;
				GCC_WARN_UNUSED_VARIABLE = YES;
				IPHONEOS_DEPLOYMENT_TARGET = 18.1;
				LOCALIZATION_PREFERS_STRING_CATALOGS = YES;
				MTL_ENABLE_DEBUG_INFO = NO;
				MTL_FAST_MATH = YES;
				SDKROOT = iphoneos;
				SWIFT_COMPILATION_MODE = wholemodule;
				VALIDATE_PRODUCT = YES;
			};
			name = Release;
		};
		8A6D931B2D0C81F6008209E5 /* Debug */ = {
			isa = XCBuildConfiguration;
			buildSettings = {
				BUNDLE_LOADER = "$(TEST_HOST)";
				CODE_SIGN_STYLE = Automatic;
				CURRENT_PROJECT_VERSION = 1;
				GENERATE_INFOPLIST_FILE = YES;
				IPHONEOS_DEPLOYMENT_TARGET = 18.1;
				MARKETING_VERSION = 1.0;
				PRODUCT_BUNDLE_IDENTIFIER = "com.forgenator.RxSwift-RecipesTests";
				PRODUCT_NAME = "$(TARGET_NAME)";
				SWIFT_EMIT_LOC_STRINGS = NO;
				SWIFT_VERSION = 5.0;
				TARGETED_DEVICE_FAMILY = "1,2";
				TEST_HOST = "$(BUILT_PRODUCTS_DIR)/RxSwift-Recipes.app/$(BUNDLE_EXECUTABLE_FOLDER_PATH)/RxSwift-Recipes";
			};
			name = Debug;
		};
		8A6D931C2D0C81F6008209E5 /* Release */ = {
			isa = XCBuildConfiguration;
			buildSettings = {
				BUNDLE_LOADER = "$(TEST_HOST)";
				CODE_SIGN_STYLE = Automatic;
				CURRENT_PROJECT_VERSION = 1;
				GENERATE_INFOPLIST_FILE = YES;
				IPHONEOS_DEPLOYMENT_TARGET = 18.1;
				MARKETING_VERSION = 1.0;
				PRODUCT_BUNDLE_IDENTIFIER = "com.forgenator.RxSwift-RecipesTests";
				PRODUCT_NAME = "$(TARGET_NAME)";
				SWIFT_EMIT_LOC_STRINGS = NO;
				SWIFT_VERSION = 5.0;
				TARGETED_DEVICE_FAMILY = "1,2";
				TEST_HOST = "$(BUILT_PRODUCTS_DIR)/RxSwift-Recipes.app/$(BUNDLE_EXECUTABLE_FOLDER_PATH)/RxSwift-Recipes";
			};
			name = Release;
		};
		8A6D931E2D0C81F6008209E5 /* Debug */ = {
			isa = XCBuildConfiguration;
			buildSettings = {
				CODE_SIGN_STYLE = Automatic;
				CURRENT_PROJECT_VERSION = 1;
				GENERATE_INFOPLIST_FILE = YES;
				MARKETING_VERSION = 1.0;
				PRODUCT_BUNDLE_IDENTIFIER = "com.forgenator.RxSwift-RecipesUITests";
				PRODUCT_NAME = "$(TARGET_NAME)";
				SWIFT_EMIT_LOC_STRINGS = NO;
				SWIFT_VERSION = 5.0;
				TARGETED_DEVICE_FAMILY = "1,2";
				TEST_TARGET_NAME = "RxSwift-Recipes";
			};
			name = Debug;
		};
		8A6D931F2D0C81F6008209E5 /* Release */ = {
			isa = XCBuildConfiguration;
			buildSettings = {
				CODE_SIGN_STYLE = Automatic;
				CURRENT_PROJECT_VERSION = 1;
				GENERATE_INFOPLIST_FILE = YES;
				MARKETING_VERSION = 1.0;
				PRODUCT_BUNDLE_IDENTIFIER = "com.forgenator.RxSwift-RecipesUITests";
				PRODUCT_NAME = "$(TARGET_NAME)";
				SWIFT_EMIT_LOC_STRINGS = NO;
				SWIFT_VERSION = 5.0;
				TARGETED_DEVICE_FAMILY = "1,2";
				TEST_TARGET_NAME = "RxSwift-Recipes";
			};
			name = Release;
		};
/* End XCBuildConfiguration section */

/* Begin XCConfigurationList section */
		8A6D92E42D0C81F2008209E5 /* Build configuration list for PBXProject "RxSwift-Recipes" */ = {
			isa = XCConfigurationList;
			buildConfigurations = (
				8A6D93182D0C81F6008209E5 /* Debug */,
				8A6D93192D0C81F6008209E5 /* Release */,
			);
			defaultConfigurationIsVisible = 0;
			defaultConfigurationName = Release;
		};
		8A6D93152D0C81F6008209E5 /* Build configuration list for PBXNativeTarget "RxSwift-Recipes" */ = {
			isa = XCConfigurationList;
			buildConfigurations = (
				8A6D93162D0C81F6008209E5 /* Debug */,
				8A6D93172D0C81F6008209E5 /* Release */,
			);
			defaultConfigurationIsVisible = 0;
			defaultConfigurationName = Release;
		};
		8A6D931A2D0C81F6008209E5 /* Build configuration list for PBXNativeTarget "RxSwift-RecipesTests" */ = {
			isa = XCConfigurationList;
			buildConfigurations = (
				8A6D931B2D0C81F6008209E5 /* Debug */,
				8A6D931C2D0C81F6008209E5 /* Release */,
			);
			defaultConfigurationIsVisible = 0;
			defaultConfigurationName = Release;
		};
		8A6D931D2D0C81F6008209E5 /* Build configuration list for PBXNativeTarget "RxSwift-RecipesUITests" */ = {
			isa = XCConfigurationList;
			buildConfigurations = (
				8A6D931E2D0C81F6008209E5 /* Debug */,
				8A6D931F2D0C81F6008209E5 /* Release */,
			);
			defaultConfigurationIsVisible = 0;
			defaultConfigurationName = Release;
		};
/* End XCConfigurationList section */

/* Begin XCRemoteSwiftPackageReference section */
		8A6D93562D10AFAA008209E5 /* XCRemoteSwiftPackageReference "RxSwift" */ = {
			isa = XCRemoteSwiftPackageReference;
			repositoryURL = "https://github.com/ReactiveX/RxSwift.git";
			requirement = {
				kind = upToNextMajorVersion;
				minimumVersion = 6.8.0;
			};
		};
/* End XCRemoteSwiftPackageReference section */

/* Begin XCSwiftPackageProductDependency section */
		8A6D93582D10AFB8008209E5 /* RxBlocking */ = {
			isa = XCSwiftPackageProductDependency;
			package = 8A6D93562D10AFAA008209E5 /* XCRemoteSwiftPackageReference "RxSwift" */;
			productName = RxBlocking;
		};
		8A6D935A2D10AFB8008209E5 /* RxCocoa */ = {
			isa = XCSwiftPackageProductDependency;
			package = 8A6D93562D10AFAA008209E5 /* XCRemoteSwiftPackageReference "RxSwift" */;
			productName = RxCocoa;
		};
		8A6D935C2D10AFB8008209E5 /* RxRelay */ = {
			isa = XCSwiftPackageProductDependency;
			package = 8A6D93562D10AFAA008209E5 /* XCRemoteSwiftPackageReference "RxSwift" */;
			productName = RxRelay;
		};
		8A6D935E2D10AFB8008209E5 /* RxSwift */ = {
			isa = XCSwiftPackageProductDependency;
			package = 8A6D93562D10AFAA008209E5 /* XCRemoteSwiftPackageReference "RxSwift" */;
			productName = RxSwift;
		};
		8A6D93D12D15A3D4008209E5 /* RxTest */ = {
			isa = XCSwiftPackageProductDependency;
			package = 8A6D93562D10AFAA008209E5 /* XCRemoteSwiftPackageReference "RxSwift" */;
			productName = RxTest;
		};
/* End XCSwiftPackageProductDependency section */
	};
	rootObject = 8A6D92E12D0C81F2008209E5 /* Project object */;
}
